
Microsoft Visual Studio Solution File, Format Version 12.00
# Visual Studio Version 17
VisualStudioVersion = 17.11.35327.3
MinimumVisualStudioVersion = 10.0.40219.1
Project("{FAE04EC0-301F-11D3-BF4B-00C04F79EFBC}") = "BankingApp", "BankingApp\BankingApp.csproj", "{6E9AFAA5-8A26-4BE4-BE92-51E0C28331B6}"
EndProject
Global
	GlobalSection(SolutionConfigurationPlatforms) = preSolution
		Debug|Any CPU = Debug|Any CPU
		Release|Any CPU = Release|Any CPU
	EndGlobalSection
	GlobalSection(ProjectConfigurationPlatforms) = postSolution
		{6E9AFAA5-8A26-4BE4-BE92-51E0C28331B6}.Debug|Any CPU.ActiveCfg = Debug|Any CPU
		{6E9AFAA5-8A26-4BE4-BE92-51E0C28331B6}.Debug|Any CPU.Build.0 = Debug|Any CPU
		{6E9AFAA5-8A26-4BE4-BE92-51E0C28331B6}.Release|Any CPU.ActiveCfg = Release|Any CPU
		{6E9AFAA5-8A26-4BE4-BE92-51E0C28331B6}.Release|Any CPU.Build.0 = Release|Any CPU
	EndGlobalSection
	GlobalSection(SolutionProperties) = preSolution
		HideSolutionNode = FALSE
	EndGlobalSection
	GlobalSection(ExtensibilityGlobals) = postSolution
		SolutionGuid = {D625BB5D-B070-451F-BDAE-E2ADCD05C3B3}
	EndGlobalSection
EndGlobal
